
Microsoft Visual Studio Solution File, Format Version 12.00
# Visual Studio 15
VisualStudioVersion = 15.0.28307.489
MinimumVisualStudioVersion = 10.0.40219.1
Project("{FAE04EC0-301F-11D3-BF4B-00C04F79EFBC}") = "ConsoleApp1", "ConsoleApp1\ConsoleApp1.csproj", "{561ABC95-0DE8-4F03-8F07-197927A9E4DE}"
EndProject
Global
	GlobalSection(SolutionConfigurationPlatforms) = preSolution
		Debug|Any CPU = Debug|Any CPU
		Release|Any CPU = Release|Any CPU
	EndGlobalSection
	GlobalSection(ProjectConfigurationPlatforms) = postSolution
		{561ABC95-0DE8-4F03-8F07-197927A9E4DE}.Debug|Any CPU.ActiveCfg = Debug|Any CPU
		{561ABC95-0DE8-4F03-8F07-197927A9E4DE}.Debug|Any CPU.Build.0 = Debug|Any CPU
		{561ABC95-0DE8-4F03-8F07-197927A9E4DE}.Release|Any CPU.ActiveCfg = Release|Any CPU
		{561ABC95-0DE8-4F03-8F07-197927A9E4DE}.Release|Any CPU.Build.0 = Release|Any CPU
	EndGlobalSection
	GlobalSection(SolutionProperties) = preSolution
		HideSolutionNode = FALSE
	EndGlobalSection
	GlobalSection(ExtensibilityGlobals) = postSolution
		SolutionGuid = {AB3E0504-832E-4475-A5CE-B38D66E46492}
	EndGlobalSection
EndGlobal
